lockfileVersion: '9.0'

settings:
  autoInstallPeers: true
  excludeLinksFromLockfile: false

importers:

  .:
    dependencies:
      '@lit-labs/router':
        specifier: ^0.1.4
        version: 0.1.4
      '@lit/context':
        specifier: ^1.1.6
        version: 1.1.6
      '@lit/task':
        specifier: ^1.0.3
        version: 1.0.3
      lit:
        specifier: ^3.3.2
        version: 3.3.3
      lottie-web:
        specifier: ^5.13.0
        version: 5.13.0
      qr-scanner:
        specifier: ^1.4.2
        version: 1.4.2
      tailwind-merge:
        specifier: ^3.6.0
        version: 3.6.0
      tailwind-variants:
        specifier: ^3.2.2
        version: 3.2.2(tailwind-merge@3.6.0)(tailwindcss@4.3.1)
    devDependencies:
      '@oxfmt/binding-darwin-arm64':
        specifier: ^0.56.0
        version: 0.56.0
      '@oxlint/binding-darwin-arm64':
        specifier: ^1.71.0
        version: 1.71.0
      '@rolldown/binding-darwin-arm64':
        specifier: ^1.1.2
        version: 1.1.2
      '@tailwindcss/vite':
        specifier: ^4.3.1
        version: 4.3.1(vite@8.0.16(@types/node@25.9.3)(jiti@2.7.0))
      '@types/node':
        specifier: ^25.9.3
        version: 25.9.3
      oxfmt:
        specifier: ^0.56.0
        version: 0.56.0
      oxlint:
        specifier: ^1.71.0
        version: 1.71.0
      tailwindcss:
        specifier: ^4.3.1
        version: 4.3.1
      typescript:
        specifier: ~6.0.2
        version: 6.0.3
      unplugin-auto-import:
        specifier: ^21.0.0
        version: 21.0.0
      vite:
        specifier: ^8.0.12
        version: 8.0.16(@types/node@25.9.3)(jiti@2.7.0)

packages:

  '@emnapi/core@1.10.0':
    resolution: {integrity: sha512-yq6OkJ4p82CAfPl0u9mQebQHKPJkY7WrIuk205cTYnYe+k2Z8YBh11FrbRG/H6ihirqcacOgl2BIO8oyMQLeXw==}

  '@emnapi/runtime@1.10.0':
    resolution: {integrity: sha512-ewvYlk86xUoGI0zQRNq/mC+16R1QeDlKQy21Ki3oSYXNgLb45GV1P6A0M+/s6nyCuNDqe5VpaY84BzXGwVbwFA==}

  '@emnapi/wasi-threads@1.2.1':
    resolution: {integrity: sha512-uTII7OYF+/Mes/MrcIOYp5yOtSMLBWSIoLPpcgwipoiKbli6k322tcoFsxoIIxPDqW01SQGAgko4EzZi2BNv2w==}

  '@jridgewell/gen-mapping@0.3.13':
    resolution: {integrity: sha512-2kkt/7niJ6MgEPxF0bYdQ6etZaA+fQvDcLKckhy1yIQOzaoKjBBjSj63/aLVjYE3qhRt5dvM+uUyfCg6UKCBbA==}

  '@jridgewell/remapping@2.3.5':
    resolution: {integrity: sha512-LI9u/+laYG4Ds1TDKSJW2YPrIlcVYOwi2fUC6xB43lueCjgxV4lffOCZCtYFiH6TNOX+tQKXx97T4IKHbhyHEQ==}

  '@jridgewell/resolve-uri@3.1.2':
    resolution: {integrity: sha512-bRISgCIjP20/tbWSPWMEi54QVPRZExkuD9lJL+UIxUKtwVJA8wW1Trb1jMs1RFXo1CBTNZ/5hpC9QvmKWdopKw==}
    engines: {node: '>=6.0.0'}

  '@jridgewell/sourcemap-codec@1.5.5':
    resolution: {integrity: sha512-cYQ9310grqxueWbl+WuIUIaiUaDcj7WOq5fVhEljNVgRfOUhY9fy2zTvfoqWsnebh8Sl70VScFbICvJnLKB0Og==}

  '@jridgewell/trace-mapping@0.3.31':
    resolution: {integrity: sha512-zzNR+SdQSDJzc8joaeP8QQoCQr8NuYx2dIIytl1QeBEZHJ9uW6hebsrYgbz8hJwUQao3TWCMtmfV8Nu1twOLAw==}

  '@lit-labs/router@0.1.4':
    resolution: {integrity: sha512-xURH6fOPE0MYfXa1nyl+qTIhZRVWkFa2oggTRodKAI2q/HjA2Va7HEKe7fMm8DdnFE+zEI2aUGnStawKpVh3lQ==}

  '@lit-labs/ssr-dom-shim@1.6.0':
    resolution: {integrity: sha512-VHb0ALPMTlgKjM6yIxxoQNnpKyUKLD04VzeQdsiXkMqkvYlAHxq9glGLmgbb889/1GsohSOAjvQYoiBppXFqrQ==}

  '@lit/context@1.1.6':
    resolution: {integrity: sha512-M26qDE6UkQbZA2mQ3RjJ3Gzd8TxP+/0obMgE5HfkfLhEEyYE3Bui4A5XHiGPjy0MUGAyxB3QgVuw2ciS0kHn6A==}

  '@lit/reactive-element@2.1.2':
    resolution: {integrity: sha512-pbCDiVMnne1lYUIaYNN5wrwQXDtHaYtg7YEFPeW+hws6U47WeFvISGUWekPGKWOP1ygrs0ef0o1VJMk1exos5A==}

  '@lit/task@1.0.3':
    resolution: {integrity: sha512-1gJGJl8WON+2j0y9xfcD+XsS1rvcy3XDgsIhcdUW++yTR8ESjZW6o7dn8M8a4SZM8NnJe6ynS2cKWwsbfLOurg==}

  '@napi-rs/wasm-runtime@1.1.5':
    resolution: {integrity: sha512-AWPoBRJ9tsnVhor4sjO7rkni+7p+2IAEFj6cx06UgP10jkQHqay/36uRV/bFkgrh18D9vb4cr8Q0Pthskgzy+Q==}
    peerDependencies:
      '@emnapi/core': ^1.7.1
      '@emnapi/runtime': ^1.7.1

  '@oxc-project/types@0.133.0':
    resolution: {integrity: sha512-KzkdCd6Uxqnf6l3HOw1xfatAlUURA0g14cvBYFyJ5SaNOQbOUvBr9PKArcPcrNIeRsBdgcUzOGrhKveVpvOIGA==}

  '@oxfmt/binding-android-arm-eabi@0.56.0':
    resolution: {integrity: sha512-CSCxi7ovYojgfdPOdUb9T508HKeAdDIKeRGg7x8IZwVJrWz9gVgX7MbUnFqtQAE4QvoNo07mj2JlwnOzJw4qqA==}
    engines: {node: ^20.19.0 || >=22.12.0}
    cpu: [arm]
    os: [android]

  '@oxfmt/binding-android-arm64@0.56.0':
    resolution: {integrity: sha512-HYJFnd+PkDwf6S9ZPGzXXtjNqvRWFnnhdbWaouh4mi/SxU8wmDuzlMn3xo/wDTGnr4Q1VA7ZzOaE/D4biW0W6A==}
    engines: {node: ^20.19.0 || >=22.12.0}
    cpu: [arm64]
    os: [android]

  '@oxfmt/binding-darwin-arm64@0.56.0':
    resolution: {integrity: sha512-sftR/bEOr+t1gs+evwsHi/Xbq2FAPA2uU3VMr8n6ZU9PoK/IMSfnfu7+OEe/uy1+knhrFl4Wvy7Vkm3uo9mJ7g==}
    engines: {node: ^20.19.0 || >=22.12.0}
    cpu: [arm64]
    os: [darwin]

  '@oxfmt/binding-darwin-x64@0.56.0':
    resolution: {integrity: sha512-z66SdjLqa3MUPKvTp3Mbb5nSjKSbnYxJGeB+Wx987s8T5hPcIRiBMfnJ6zcPgYtQn3x5xjvdzNVkXrSeYH6ZFg==}
    engines: {node: ^20.19.0 || >=22.12.0}
    cpu: [x64]
    os: [darwin]

  '@oxfmt/binding-freebsd-x64@0.56.0':
    resolution: {integrity: sha512-t2tkrV1vtZyaItSQ71dTi2ZVKZEI39b/LqLT12V5KMfIeXK6N32TUC1jhOXKVQmhECq9j2ZXMQV3JeT1kh9Vmg==}
    engines: {node: ^20.19.0 || >=22.12.0}
    cpu: [x64]
    os: [freebsd]

  '@oxfmt/binding-linux-arm-gnueabihf@0.56.0':
    resolution: {integrity: sha512-+gCy+Tp3RHeXQ9y/QrS76lXIpZkbziTyp6hIgjB2MssCwfMph3vG/GEfkhO34Rai1vhYIaUkvv8UT1BcDorJPw==}
    engines: {node: ^20.19.0 || >=22.12.0}
    cpu: [arm]
    os: [linux]

  '@oxfmt/binding-linux-arm-musleabihf@0.56.0':
    resolution: {integrity: sha512-0kKkVvQ2I+FJ2sxQyUu1zJ0yWP5kcWse/yVFnGQSFCXMwSSkfEaUGu0dW774O7nyy3jrcBGap7OSc8dZmU/CdA==}
    engines: {node: ^20.19.0 || >=22.12.0}
    cpu: [arm]
    os: [linux]

  '@oxfmt/binding-linux-arm64-gnu@0.56.0':
    resolution: {integrity: sha512-npkA2siMbyWRh+wEhi1aTAx4RirukGcGNt8V4Ch86pG+xU9aurqS1MZOnKYMu03ISwat3rB6zkQx51SsB9obNw==}
    engines: {node: ^20.19.0 || >=22.12.0}
    cpu: [arm64]
    os: [linux]
    libc: [glibc]

  '@oxfmt/binding-linux-arm64-musl@0.56.0':
    resolution: {integrity: sha512-UekqOjGkV4/MkqreCV9SPIB2jlR3/HbXrmhV1rVXJZ9wfDXMyCMriLtq3tHqLY4PkbVWNtfcm1kMojJ26KLSJw==}
    engines: {node: ^20.19.0 || >=22.12.0}
    cpu: [arm64]
    os: [linux]
    libc: [musl]

  '@oxfmt/binding-linux-ppc64-gnu@0.56.0':
    resolution: {integrity: sha512-XSzveSpeZMD5XJpew5lRFVtNnT04xd3rJxENXmk7wkZzN9oWzv2aFJyoNDhOtoz69BYaS/fg4SYl+CfEZRpB0Q==}
    engines: {node: ^20.19.0 || >=22.12.0}
    cpu: [ppc64]
    os: [linux]
    libc: [glibc]

  '@oxfmt/binding-linux-riscv64-gnu@0.56.0':
    resolution: {integrity: sha512-EkQ0nJa7k7HDDIVuPF7WY+k4k+bzdclLYtyIXNt7/OqVghfNiMym6YGppFBgx1XRIHW6QylxBz5OogumPjPJbQ==}
    engines: {node: ^20.19.0 || >=22.12.0}
    cpu: [riscv64]
    os: [linux]
    libc: [glibc]

  '@oxfmt/binding-linux-riscv64-musl@0.56.0':
    resolution: {integrity: sha512-dyjAGW8jKRge0ik6U/dgvQG0nVpA3iBlRskQTz5qJLvQWIrySxX5jpqzPetLBNIIZ231KA82fDdi1nLTk8ENCw==}
    engines: {node: ^20.19.0 || >=22.12.0}
    cpu: [riscv64]
    os: [linux]
    libc: [musl]

  '@oxfmt/binding-linux-s390x-gnu@0.56.0':
    resolution: {integrity: sha512-60ZGH3LtfqlW8X6vcLdSFY4lvCQYINurttYBKaALnHCDVAUCYJ1LsUgS6p1XOzVlzEDx3yNUZvDF1Lvt59zoZw==}
    engines: {node: ^20.19.0 || >=22.12.0}
    cpu: [s390x]
    os: [linux]
    libc: [glibc]

  '@oxfmt/binding-linux-x64-gnu@0.56.0':
    resolution: {integrity: sha512-u1suj1tgJHK4ZqB7buCtdbNef2n8+d0lXTPJwLHNmtyK6p+DTpsaoDvmqhQrA56fgKYv4LuRxNtL8YooebKOew==}
    engines: {node: ^20.19.0 || >=22.12.0}
    cpu: [x64]
    os: [linux]
    libc: [glibc]

  '@oxfmt/binding-linux-x64-musl@0.56.0':
    resolution: {integrity: sha512-aYGLvlQHt80y+qKEtfJY/Nm27G0125Lv+qyh9SJ4Cjc6lXnXjD+ndfhqQnbV24POpMi7rNRi0jvx/0d70FRpCQ==}
    engines: {node: ^20.19.0 || >=22.12.0}
    cpu: [x64]
    os: [linux]
    libc: [musl]

  '@oxfmt/binding-openharmony-arm64@0.56.0':
    resolution: {integrity: sha512-H/re/gO+7ysVc+kywHNuzY3C33EN9sQcZhg0kp1ZwOZl7y998ZE5mhnBiuGR/nYI0pqLL5xQfrHVUOJ/cIJsCA==}
    engines: {node: ^20.19.0 || >=22.12.0}
    cpu: [arm64]
    os: [openharmony]

  '@oxfmt/binding-win32-arm64-msvc@0.56.0':
    resolution: {integrity: sha512-6qLNXfXmtAs8jXDvYMkxk6Wec5SUJoew+ZX1uOZmqaR7ks0EJFbAohuOCELDyJMWyVlxotVG8Xf8m74Bfq0O2w==}
    engines: {node: ^20.19.0 || >=22.12.0}
    cpu: [arm64]
    os: [win32]

  '@oxfmt/binding-win32-ia32-msvc@0.56.0':
    resolution: {integrity: sha512-UXEXuKphAe15bsob4AswNMArCw38XSmUIs3wk1s6e6MX9OWGW/IRWU95s1hZDiVg09STy1jHgyN2qkqbu1FT0w==}
    engines: {node: ^20.19.0 || >=22.12.0}
    cpu: [ia32]
    os: [win32]

  '@oxfmt/binding-win32-x64-msvc@0.56.0':
    resolution: {integrity: sha512-HPyNDjky+NIOuaMvHZflR+kst3YWdUOH2JUQYkf99grqZ5mEBTQM6h9iGy501Z8Xt5xMScrwHOuVCOlqDrktRw==}
    engines: {node: ^20.19.0 || >=22.12.0}
    cpu: [x64]
    os: [win32]

  '@oxlint/binding-android-arm-eabi@1.71.0':
    resolution: {integrity: sha512-ImGmd1njEg4FEJH03jhRnveEegtO3czCtfptvaHivKAZQIYATbVFBrrzbaYMYv0oJioTnxZAZVSyV+oL7W8S2g==}
    engines: {node: ^20.19.0 || >=22.12.0}
    cpu: [arm]
    os: [android]

  '@oxlint/binding-android-arm64@1.71.0':
    resolution: {integrity: sha512-4A5BEexBrwY1YFF8Kiq/lp/wQPRG79G3BWIE1FuWaM5MvmpYSd+7ZySVcKkHdwo0UDzdQGddp6pD9mpctMqLnw==}
    engines: {node: ^20.19.0 || >=22.12.0}
    cpu: [arm64]
    os: [android]

  '@oxlint/binding-darwin-arm64@1.71.0':
    resolution: {integrity: sha512-9wJA9GJulLwS2usU3CEisI/ESDO1n1z9eyTCvApMDrAkbJ1ve0mORgTMjcWWsKxkzkeZ2N/Gpra5IQE7x8tYgQ==}
    engines: {node: ^20.19.0 || >=22.12.0}
    cpu: [arm64]
    os: [darwin]

  '@oxlint/binding-darwin-x64@1.71.0':
    resolution: {integrity: sha512-PlLCjS06V0PeJMAJwzjrExw1sYNW9Gch3JtNlcwwZDXGlTYDuwHNN89zYH8LTXFfgkVtsYvs2nv0FqrzyuFDzg==}
    engines: {node: ^20.19.0 || >=22.12.0}
    cpu: [x64]
    os: [darwin]

  '@oxlint/binding-freebsd-x64@1.71.0':
    resolution: {integrity: sha512-Lhil7bWre0ncxbUoDoxfS0JzpTz17BRQKW7iwoAUY8GJ66+WwJEfYPCFJ1P0WgVZR5/O/b3Q2pENlHOjeXLOGQ==}
    engines: {node: ^20.19.0 || >=22.12.0}
    cpu: [x64]
    os: [freebsd]

  '@oxlint/binding-linux-arm-gnueabihf@1.71.0':
    resolution: {integrity: sha512-Oo9/L58PYD3RC0x05d2upAPLllHytTjHQGsnC06P6Ynn7jKkp5mdImQxXdJ3+FnBaKspNpGogzgVsi6g872LiA==}
    engines: {node: ^20.19.0 || >=22.12.0}
    cpu: [arm]
    os: [linux]

  '@oxlint/binding-linux-arm-musleabihf@1.71.0':
    resolution: {integrity: sha512-mSHfyfgJrEbyIR29ejaeS50BdPk+GoNPlC1dckpDiUZbJAIel68sjSMdOt4WY0/gva+ECC7FNITQkxMJU+vSBw==}
    engines: {node: ^20.19.0 || >=22.12.0}
    cpu: [arm]
    os: [linux]

  '@oxlint/binding-linux-arm64-gnu@1.71.0':
    resolution: {integrity: sha512-n9yY4M2tiy3aij4AqtlnspzpfdpeT5JQfK2/w2d8oyp5W0FRwOb1dIeX99nORNcxGr08iD9bH8N5XFz3I2iy8w==}
    engines: {node: ^20.19.0 || >=22.12.0}
    cpu: [arm64]
    os: [linux]
    libc: [glibc]

  '@oxlint/binding-linux-arm64-musl@1.71.0':
    resolution: {integrity: sha512-fJZrs5sDZtTaPIOiemRQQmo82Ezy+vOGXemPc4Ok7iVVsYsFa7SlW6Z5XN819VfsqBHRm3NJ3rTdnR8+bJYJdQ==}
    engines: {node: ^20.19.0 || >=22.12.0}
    cpu: [arm64]
    os: [linux]
    libc: [musl]

  '@oxlint/binding-linux-ppc64-gnu@1.71.0':
    resolution: {integrity: sha512-cwl7VKGERIy9p+G+AvZdfy/06q0aHXaTt/mMRReC751iuNYJgqKjB7NydXSS30nBT9vtr2tunciOtrR4fD6FUA==}
    engines: {node: ^20.19.0 || >=22.12.0}
    cpu: [ppc64]
    os: [linux]
    libc: [glibc]

  '@oxlint/binding-linux-riscv64-gnu@1.71.0':
    resolution: {integrity: sha512-eZ8ieVXvzGi8jr7+ybQGPK2STw3mldfxZlgA2738iflfB/rzA69sE6m5rDRpQaxC7dpm745Enlh1Tod0QAk9Gg==}
    engines: {node: ^20.19.0 || >=22.12.0}
    cpu: [riscv64]
    os: [linux]
    libc: [glibc]

  '@oxlint/binding-linux-riscv64-musl@1.71.0':
    resolution: {integrity: sha512-puMDbQYe6+NXwfMusojoA7CXGn2b3utukmd23PQqc1E3XhVCwyZ+FueSMzDYeNgDV2dUfIVXAAKZBcFDeCL6sA==}
    engines: {node: ^20.19.0 || >=22.12.0}
    cpu: [riscv64]
    os: [linux]
    libc: [musl]

  '@oxlint/binding-linux-s390x-gnu@1.71.0':
    resolution: {integrity: sha512-4NJLxBs1ujISCt3L/1FcywLs73PWtJuw+piD6feK2V6h6OS6P7xu9/sWt1DTRLibe6QCzmfZzmM/2HPORoV/Lg==}
    engines: {node: ^20.19.0 || >=22.12.0}
    cpu: [s390x]
    os: [linux]
    libc: [glibc]

  '@oxlint/binding-linux-x64-gnu@1.71.0':
    resolution: {integrity: sha512-cFDaiR8L3430qp88tfZnvFlt3KotFhR/DlbIL0nHOMMYiG/9Wy4l+6f7t8G8pTa9bd8Lt8+M0y/qjRQ/xcB74g==}
    engines: {node: ^20.19.0 || >=22.12.0}
    cpu: [x64]
    os: [linux]
    libc: [glibc]

  '@oxlint/binding-linux-x64-musl@1.71.0':
    resolution: {integrity: sha512-orfixdt76KlpNly9z0PkWBBNfwjKz+JFVLP/7wnVchlKNU9Dpt9InU/ZggeSej6fC7qwHmHNOGlhLnQXcYoGuA==}
    engines: {node: ^20.19.0 || >=22.12.0}
    cpu: [x64]
    os: [linux]
    libc: [musl]

  '@oxlint/binding-openharmony-arm64@1.71.0':
    resolution: {integrity: sha512-9emQu2lAp6yhPB3XuI+++vR+l/o6JR1X+EpxwcumPdQXBWXEPAsquPGL7l158EqU8SebQMXTUa/S5zN98juyHw==}
    engines: {node: ^20.19.0 || >=22.12.0}
    cpu: [arm64]
    os: [openharmony]

  '@oxlint/binding-win32-arm64-msvc@1.71.0':
    resolution: {integrity: sha512-bd5kI8spYwTm3BILDtGhi73zoup5dw8MlPQNT8YB3BD5UIsjNe3K9/4ctrzQMX4SZMoK5HgzVLkLJzacEXB7fA==}
    engines: {node: ^20.19.0 || >=22.12.0}
    cpu: [arm64]
    os: [win32]

  '@oxlint/binding-win32-ia32-msvc@1.71.0':
    resolution: {integrity: sha512-W4HvOHGzVLHcrmFu+bMrJlho+/yrlX5ZNdJZqGe8MEldkQG+RHYhxxad9P4jvWAYFmIqUA5i9DQ8QsJqSU9GIw==}
    engines: {node: ^20.19.0 || >=22.12.0}
    cpu: [ia32]
    os: [win32]

  '@oxlint/binding-win32-x64-msvc@1.71.0':
    resolution: {integrity: sha512-D2kyEIPHk/G/wiZLnwTVC/sVst+T/lKldVOjAFpgTIBUAOlry72e5OiapDbDBF4LfJLkN5ypJb/8Eu6yJzkveQ==}
    engines: {node: ^20.19.0 || >=22.12.0}
    cpu: [x64]
    os: [win32]

  '@rolldown/binding-android-arm64@1.0.3':
    resolution: {integrity: sha512-454rs7jHngixp/NMxd5srYD57OnzSlZ/eFTETjORQHLwJG1lRtmNOJcBerZlfu4GjKqeq8aCCIQrMdHyhI51Hw==}
    engines: {node: ^20.19.0 || >=22.12.0}
    cpu: [arm64]
    os: [android]

  '@rolldown/binding-darwin-arm64@1.0.3':
    resolution: {integrity: sha512-PcAhP+ynjURNyy8SKGl5DQP94aGuB/7JrXJb/t7P+hanXvQVMWzUvRRhBAcg/lNRadBhoUPqSoP4xw5tR/KBEA==}
    engines: {node: ^20.19.0 || >=22.12.0}
    cpu: [arm64]
    os: [darwin]

  '@rolldown/binding-darwin-arm64@1.1.2':
    resolution: {integrity: sha512-RkPMJnygxsgOYdkfqgpwY0/Fzm8d0VQe6HGU2/B00Xa9eqdLbrII+DOKAodbJAn3ZL1AJxGHkZRPYazgGY6Ljw==}
    engines: {node: ^20.19.0 || >=22.12.0}
    cpu: [arm64]
    os: [darwin]

  '@rolldown/binding-darwin-x64@1.0.3':
    resolution: {integrity: sha512-9YpfeUvSE2RS7wysJ81uOZkXJz7f7Q55H2Gvp3VEw/EsahqDtrphrZ0EwDLK5vvKOzaCrBsjF8JmnMLcUt78Gg==}
    engines: {node: ^20.19.0 || >=22.12.0}
    cpu: [x64]
    os: [darwin]

  '@rolldown/binding-freebsd-x64@1.0.3':
    resolution: {integrity: sha512-yB1IlAsSNHncV6SCTL27/MVGR5htvQsoGxIv5KMGXALp+Ll1wYsn+x98M9MW7qa+NdSbvrrY7ANI4wLJ0n1e6g==}
    engines: {node: ^20.19.0 || >=22.12.0}
    cpu: [x64]
    os: [freebsd]

  '@rolldown/binding-linux-arm-gnueabihf@1.0.3':
    resolution: {integrity: sha512-Yi30IVAAfLUCy2MseFjbB1jAMDl1VMCAas5StnYp8da9+CKvMd2H2cbEjWcw5NPaPqzvYkVIaF1nNUG+b7u/sw==}
    engines: {node: ^20.19.0 || >=22.12.0}
    cpu: [arm]
    os: [linux]

  '@rolldown/binding-linux-arm64-gnu@1.0.3':
    resolution: {integrity: sha512-jsO7R8To+AdlYgUmN5sHSCZbfhtMBkO0WUx8iORQnPcMMdgr7qM2DQmMwgabs3GhNztdmoKkMKQFHD6DTMCIQw==}
    engines: {node: ^20.19.0 || >=22.12.0}
    cpu: [arm64]
    os: [linux]
    libc: [glibc]

  '@rolldown/binding-linux-arm64-musl@1.0.3':
    resolution: {integrity: sha512-VWkUHwWriDciit80wleYwKILoR/KMvxh/IdwS/paX+ZgpuRpCrKLUdadJbc0NpBEiyhpYawsJ73j9aCvOH+f7Q==}
    engines: {node: ^20.19.0 || >=22.12.0}
    cpu: [arm64]
    os: [linux]
    libc: [musl]

  '@rolldown/binding-linux-ppc64-gnu@1.0.3':
    resolution: {integrity: sha512-5f1laC0SlIR0yDbFCd8acUhvJIag6N3zC5P7oUPN6wX0aOma+uKJ0wBDH5aq7I1PVI2ttTlhJwzwRIBnLiSGEg==}
    engines: {node: ^20.19.0 || >=22.12.0}
    cpu: [ppc64]
    os: [linux]
    libc: [glibc]

  '@rolldown/binding-linux-s390x-gnu@1.0.3':
    resolution: {integrity: sha512-Iq4ko0r4XsgbrF/LunNgHtAGLRRVE2kXonAXQ/MV0mC6jQpMOhW1SvtZja2EhC/kd05++bP78dsqBeIQyYJ6Yg==}
    engines: {node: ^20.19.0 || >=22.12.0}
    cpu: [s390x]
    os: [linux]
    libc: [glibc]

  '@rolldown/binding-linux-x64-gnu@1.0.3':
    resolution: {integrity: sha512-B8m6tD5+/N5FeNQFbKlLA/2yVq9ycQP1SeedyEYYKWBNR3ZQbkvIUcNnDNM03lO1l5F2roiiFJGgvoLLyZXtSg==}
    engines: {node: ^20.19.0 || >=22.12.0}
    cpu: [x64]
    os: [linux]
    libc: [glibc]

  '@rolldown/binding-linux-x64-musl@1.0.3':
    resolution: {integrity: sha512-pSdpdUJHkuCxun9LE7jvgUB9qsRgaiyNNCX7m/AvHTcq67AiT/Yhoxvw5zPfhrM8k/BfP8ce/hMOpthKDpEUow==}
    engines: {node: ^20.19.0 || >=22.12.0}
    cpu: [x64]
    os: [linux]
    libc: [musl]

  '@rolldown/binding-openharmony-arm64@1.0.3':
    resolution: {integrity: sha512-OXXS3RKJgX2uLwM+gYyuH5omcH8fL1LJs96pZGgtetVCahON57+d4SJHzTgZiOjxgGkSnpXpOsWuPDGAKAigEg==}
    engines: {node: ^20.19.0 || >=22.12.0}
    cpu: [arm64]
    os: [openharmony]

  '@rolldown/binding-wasm32-wasi@1.0.3':
    resolution: {integrity: sha512-JTtb8BWFynicNSoPrehsCzBtOKjZ6jhMiPFEmOiuXg1Fl8dn2KHQob+GuPSGR0dryQa1PQJbzjF3dqO/whhjLg==}
    engines: {node: ^20.19.0 || >=22.12.0}
    cpu: [wasm32]

  '@rolldown/binding-win32-arm64-msvc@1.0.3':
    resolution: {integrity: sha512-gEdFFEN70A/jxb2svrWsN3aDL7OUtmvlOy+6fa2jxG8K0wQ1ZbdeLGnidov6Yu5/733dI5ySfzFlQ/cb0bSz1g==}
    engines: {node: ^20.19.0 || >=22.12.0}
    cpu: [arm64]
    os: [win32]

  '@rolldown/binding-win32-x64-msvc@1.0.3':
    resolution: {integrity: sha512-eXB7CHuaQdqmJcc3koCNtNPmT/bj2gc999kUFgBxG8Ac0NdgXc4rkCHhqrgrhN3zddvvvrgzj1e90SuSfmyIXA==}
    engines: {node: ^20.19.0 || >=22.12.0}
    cpu: [x64]
    os: [win32]

  '@rolldown/pluginutils@1.0.1':
    resolution: {integrity: sha512-2j9bGt5Jh8hj+vPtgzPtl72j0yRxHAyumoo6TNfAjsLB04UtpSvPbPcDcBMxz7n+9CYB0c1GxQFxYRg2jimqGw==}

  '@tailwindcss/node@4.3.1':
    resolution: {integrity: sha512-6NDaqRoAMSXD1mr/RXu0HBvNE9a2n5tHPsxu9XHLws8o4Twes5rBM2205SUUiJ9goAtadrN6xTGX0UDEwp/N4A==}

  '@tailwindcss/oxide-android-arm64@4.3.1':
    resolution: {integrity: sha512-SVlyf61g374l5cHyg8x9kf5xmLcOaxvOTsbsqDnSsDJaKOEFZ7GCvi84VAVGpxojYOs1+3K6M0UjXfqPU8vmOQ==}
    engines: {node: '>= 20'}
    cpu: [arm64]
    os: [android]

  '@tailwindcss/oxide-darwin-arm64@4.3.1':
    resolution: {integrity: sha512-hVnWLwv+e/l7c4WKyVtHVrIPvYdqWHjRB3MDIqARynzFtnQg85kmQEFCbV9Ja0VVx4xXTIiDWY60Y7iz/iNoDA==}
    engines: {node: '>= 20'}
    cpu: [arm64]
    os: [darwin]

  '@tailwindcss/oxide-darwin-x64@4.3.1':
    resolution: {integrity: sha512-Cf7abu0WVgbhU7ANgPUnSAvm7nCvMweusHb8FnaHlLfv/Caq4GYaEZg7ZImzzmjx4lIAfuS8q+eLIS7A7IzxIg==}
    engines: {node: '>= 20'}
    cpu: [x64]
    os: [darwin]

  '@tailwindcss/oxide-freebsd-x64@4.3.1':
    resolution: {integrity: sha512-ZZqzX2Y+GXtXXfqSfpJhDm60OoZfvLHLCgm+J7NVqgHHJjG/m9ugZI77RwTsVd4fnBJuCFP6Ae6kTJb71UdS8g==}
    engines: {node: '>= 20'}
    cpu: [x64]
    os: [freebsd]

  '@tailwindcss/oxide-linux-arm-gnueabihf@4.3.1':
    resolution: {integrity: sha512-/Ah/xik0LaMYfv9DZ0S/t4pBlBNYOcqtRwusjgovHkvT8ixueWCLyJjsaF5kQIckjb4IT8Q6K6p/iPmZMixYgg==}
    engines: {node: '>= 20'}
    cpu: [arm]
    os: [linux]

  '@tailwindcss/oxide-linux-arm64-gnu@4.3.1':
    resolution: {integrity: sha512-gqdFoVJlw444GvpnheZLHmvTzSxI/cOUUh2KSNejQjTcYkW062SVD+En0rUgD+QV91bz1XGIGtt1HJd48xUGbQ==}
    engines: {node: '>= 20'}
    cpu: [arm64]
    os: [linux]
    libc: [glibc]

  '@tailwindcss/oxide-linux-arm64-musl@4.3.1':
    resolution: {integrity: sha512-Bwv9KwOvE0VKa86xPFif9b9c3Y1NxOV1P0gLti/IYaWEsQYZXDlxfGEtA8mdDZ7SG3wyNXAWYT5SIn3giL57oA==}
    engines: {node: '>= 20'}
    cpu: [arm64]
    os: [linux]
    libc: [musl]

  '@tailwindcss/oxide-linux-x64-gnu@4.3.1':
    resolution: {integrity: sha512-Ymi8O8T15HYQdOUWUtTI6ldN0neHP85FC+Qz32xTcZ7iJXtem/x8ITev0o1e9e5rkqj4lONZfTRLvkmin1+tKg==}
    engines: {node: '>= 20'}
    cpu: [x64]
    os: [linux]
    libc: [glibc]

  '@tailwindcss/oxide-linux-x64-musl@4.3.1':
    resolution: {integrity: sha512-M+P/91qJ6uILLw4k2G93GMDRAXj61SMvFQYt39AqvUqYgExXpLL5aepfns7sj4HiAQeolirQF9E0lzRvdf4zPQ==}
    engines: {node: '>= 20'}
    cpu: [x64]
    os: [linux]
    libc: [musl]

  '@tailwindcss/oxide-wasm32-wasi@4.3.1':
    resolution: {integrity: sha512-zsM8uOeqvVGHsAXsJxsT28ttosFahLJKCLOTUBqRAtKnVgGSRitds9T432QiT8b77Yga7JIBkulIRRlJPtYhRA==}
    engines: {node: '>=14.0.0'}
    cpu: [wasm32]
    bundledDependencies:
      - '@napi-rs/wasm-runtime'
      - '@emnapi/core'
      - '@emnapi/runtime'
      - '@tybys/wasm-util'
      - '@emnapi/wasi-threads'
      - tslib

  '@tailwindcss/oxide-win32-arm64-msvc@4.3.1':
    resolution: {integrity: sha512-aiNvSq9BsVk8V513lDKlrCFAgf8qBMPZTpgEhInL+NwQqs97mYmupVMrPrgBBSL8Pv/0zXu9MrMF9rMun1ZeNg==}
    engines: {node: '>= 20'}
    cpu: [arm64]
    os: [win32]

  '@tailwindcss/oxide-win32-x64-msvc@4.3.1':
    resolution: {integrity: sha512-xDEyu1rg290472FEGaKHnzyDyh5QH+AlWvsU5hMoMtPpzmKlRI0jaYKCgSHDYtaQWZOYbMaduSyCwFwY4n1HmA==}
    engines: {node: '>= 20'}
    cpu: [x64]
    os: [win32]

  '@tailwindcss/oxide@4.3.1':
    resolution: {integrity: sha512-yVPyo8RNkabVr3O2EhHEE0Rewu7YKzc1DhIqfL46LKveFrmu9XbDazNOJY7/GRuvw1h6u3utWnR29H/p5JPlgA==}
    engines: {node: '>= 20'}

  '@tailwindcss/vite@4.3.1':
    resolution: {integrity: sha512-hItDHuIIlEV61R+faXu66s1K36aTurO/Qw0e45Vskz57gXl9pWOT6eg3zmcEui6CZXddbN7zd41bwmvag4JGwQ==}
    peerDependencies:
      vite: ^5.2.0 || ^6 || ^7 || ^8

  '@tybys/wasm-util@0.10.2':
    resolution: {integrity: sha512-RoBvJ2X0wuKlWFIjrwffGw1IqZHKQqzIchKaadZZfnNpsAYp2mM0h36JtPCjNDAHGgYez/15uMBpfGwchhiMgg==}

  '@types/estree@1.0.9':
    resolution: {integrity: sha512-GhdPgy1el4/ImP05X05Uw4cw2/M93BCUmnEvWZNStlCzEKME4Fkk+YpoA5OiHNQmoS7Cafb8Xa3Pya8m1Qrzeg==}

  '@types/node@25.9.3':
    resolution: {integrity: sha512-603BddQMv3pUcr4U2dhujk83N2tTDVr/34wII2B6bJy6g+8WD6yUb11jszNs0gdi4PesVWl7ABt8nYMVpnLUcg==}

  '@types/offscreencanvas@2019.7.3':
    resolution: {integrity: sha512-ieXiYmgSRXUDeOntE1InxjWyvEelZGP63M+cGuquuRLuIKKT1osnkXjxev9B7d1nXSug5vpunx+gNlbVxMlC9A==}

  '@types/trusted-types@2.0.7':
    resolution: {integrity: sha512-ScaPdn1dQczgbl0QFTeTOmVHFULt394XJgOQNoyVhZ6r2vLnMLJfBPd53SB52T/3G36VI1/g2MZaX0cwDuXsfw==}

  acorn@8.17.0:
    resolution: {integrity: sha512-xRQbDb9BnwDafYNn6Vwl839DYVjqXYb1XVGtWAZ1kcDc6iwAL4hg3B1dZlRiuENFeO2H53gFG3in621AdERVAg==}
    engines: {node: '>=0.4.0'}
    hasBin: true

  confbox@0.1.8:
    resolution: {integrity: sha512-RMtmw0iFkeR4YV+fUOSucriAQNb9g8zFR52MWCtl+cCZOFRNL6zeB395vPzFhEjjn4fMxXudmELnl/KF/WrK6w==}

  confbox@0.2.4:
    resolution: {integrity: sha512-ysOGlgTFbN2/Y6Cg3Iye8YKulHw+R2fNXHrgSmXISQdMnomY6eNDprVdW9R5xBguEqI954+S6709UyiO7B+6OQ==}

  detect-libc@2.1.2:
    resolution: {integrity: sha512-Btj2BOOO83o3WyH59e8MgXsxEQVcarkUOpEYrubB0urwnN10yQ364rsiByU11nZlqWYZm05i/of7io4mzihBtQ==}
    engines: {node: '>=8'}

  enhanced-resolve@5.21.6:
    resolution: {integrity: sha512-aNnGCvbJ/RIyWo1IuhNdVjnNF+EjH9wpzpNHt+ci/m9He9LJvUN8wrCcXjp9cWsGNAuvSpVFTx/vraAFQ8qGjQ==}
    engines: {node: '>=10.13.0'}

  escape-string-regexp@5.0.0:
    resolution: {integrity: sha512-/veY75JbMK4j1yjvuUxuVsiS/hr/4iHs9FTT6cgTexxdE0Ly/glccBAkloH/DofkjRbZU3bnoj38mOmhkZ0lHw==}
    engines: {node: '>=12'}

  estree-walker@3.0.3:
    resolution: {integrity: sha512-7RUKfXgSMMkzt6ZuXmqapOurLGPPfgj6l9uRZ7lRGolvk0y2yocc35LdcxKC5PQZdn2DMqioAQ2NoWcrTKmm6g==}

  exsolve@1.0.8:
    resolution: {integrity: sha512-LmDxfWXwcTArk8fUEnOfSZpHOJ6zOMUJKOtFLFqJLoKJetuQG874Uc7/Kki7zFLzYybmZhp1M7+98pfMqeX8yA==}

  fdir@6.5.0:
    resolution: {integrity: sha512-tIbYtZbucOs0BRGqPJkshJUYdL+SDH7dVM8gjy+ERp3WAUjLEFJE+02kanyHtwjWOnwrKYBiwAmM0p4kLJAnXg==}
    engines: {node: '>=12.0.0'}
    peerDependencies:
      picomatch: ^3 || ^4
    peerDependenciesMeta:
      picomatch:
        optional: true

  fsevents@2.3.3:
    resolution: {integrity: sha512-5xoDfX+fL7faATnagmWPpbFtwh/R77WmMMqqHGS65C3vvB0YHrgF+B1YmZ3441tMj5n63k0212XNoJwzlhffQw==}
    engines: {node: ^8.16.0 || ^10.6.0 || >=11.0.0}
    os: [darwin]

  graceful-fs@4.2.11:
    resolution: {integrity: sha512-RbJ5/jmFcNNCcDV5o9eTnBLJ/HszWV0P73bc+Ff4nS/rJj+YaS6IGyiOL0VoBYX+l1Wrl3k63h/KrH+nhJ0XvQ==}

  jiti@2.7.0:
    resolution: {integrity: sha512-AC/7JofJvZGrrneWNaEnJeOLUx+JlGt7tNa0wZiRPT4MY1wmfKjt2+6O2p2uz2+skll8OZZmJMNqeke7kKbNgQ==}
    hasBin: true

  js-tokens@9.0.1:
    resolution: {integrity: sha512-mxa9E9ITFOt0ban3j6L5MpjwegGz6lBQmM1IJkWeBZGcMxto50+eWdjC/52xDbS2vy0k7vIMK0Fe2wfL9OQSpQ==}

  lightningcss-android-arm64@1.32.0:
    resolution: {integrity: sha512-YK7/ClTt4kAK0vo6w3X+Pnm0D2cf2vPHbhOXdoNti1Ga0al1P4TBZhwjATvjNwLEBCnKvjJc2jQgHXH0NEwlAg==}
    engines: {node: '>= 12.0.0'}
    cpu: [arm64]
    os: [android]

  lightningcss-darwin-arm64@1.32.0:
    resolution: {integrity: sha512-RzeG9Ju5bag2Bv1/lwlVJvBE3q6TtXskdZLLCyfg5pt+HLz9BqlICO7LZM7VHNTTn/5PRhHFBSjk5lc4cmscPQ==}
    engines: {node: '>= 12.0.0'}
    cpu: [arm64]
    os: [darwin]

  lightningcss-darwin-x64@1.32.0:
    resolution: {integrity: sha512-U+QsBp2m/s2wqpUYT/6wnlagdZbtZdndSmut/NJqlCcMLTWp5muCrID+K5UJ6jqD2BFshejCYXniPDbNh73V8w==}
    engines: {node: '>= 12.0.0'}
    cpu: [x64]
    os: [darwin]

  lightningcss-freebsd-x64@1.32.0:
    resolution: {integrity: sha512-JCTigedEksZk3tHTTthnMdVfGf61Fky8Ji2E4YjUTEQX14xiy/lTzXnu1vwiZe3bYe0q+SpsSH/CTeDXK6WHig==}
    engines: {node: '>= 12.0.0'}
    cpu: [x64]
    os: [freebsd]

  lightningcss-linux-arm-gnueabihf@1.32.0:
    resolution: {integrity: sha512-x6rnnpRa2GL0zQOkt6rts3YDPzduLpWvwAF6EMhXFVZXD4tPrBkEFqzGowzCsIWsPjqSK+tyNEODUBXeeVHSkw==}
    engines: {node: '>= 12.0.0'}
    cpu: [arm]
    os: [linux]

  lightningcss-linux-arm64-gnu@1.32.0:
    resolution: {integrity: sha512-0nnMyoyOLRJXfbMOilaSRcLH3Jw5z9HDNGfT/gwCPgaDjnx0i8w7vBzFLFR1f6CMLKF8gVbebmkUN3fa/kQJpQ==}
    engines: {node: '>= 12.0.0'}
    cpu: [arm64]
    os: [linux]
    libc: [glibc]

  lightningcss-linux-arm64-musl@1.32.0:
    resolution: {integrity: sha512-UpQkoenr4UJEzgVIYpI80lDFvRmPVg6oqboNHfoH4CQIfNA+HOrZ7Mo7KZP02dC6LjghPQJeBsvXhJod/wnIBg==}
    engines: {node: '>= 12.0.0'}
    cpu: [arm64]
    os: [linux]
    libc: [musl]

  lightningcss-linux-x64-gnu@1.32.0:
    resolution: {integrity: sha512-V7Qr52IhZmdKPVr+Vtw8o+WLsQJYCTd8loIfpDaMRWGUZfBOYEJeyJIkqGIDMZPwPx24pUMfwSxxI8phr/MbOA==}
    engines: {node: '>= 12.0.0'}
    cpu: [x64]
    os: [linux]
    libc: [glibc]

  lightningcss-linux-x64-musl@1.32.0:
    resolution: {integrity: sha512-bYcLp+Vb0awsiXg/80uCRezCYHNg1/l3mt0gzHnWV9XP1W5sKa5/TCdGWaR/zBM2PeF/HbsQv/j2URNOiVuxWg==}
    engines: {node: '>= 12.0.0'}
    cpu: [x64]
    os: [linux]
    libc: [musl]

  lightningcss-win32-arm64-msvc@1.32.0:
    resolution: {integrity: sha512-8SbC8BR40pS6baCM8sbtYDSwEVQd4JlFTOlaD3gWGHfThTcABnNDBda6eTZeqbofalIJhFx0qKzgHJmcPTnGdw==}
    engines: {node: '>= 12.0.0'}
    cpu: [arm64]
    os: [win32]

  lightningcss-win32-x64-msvc@1.32.0:
    resolution: {integrity: sha512-Amq9B/SoZYdDi1kFrojnoqPLxYhQ4Wo5XiL8EVJrVsB8ARoC1PWW6VGtT0WKCemjy8aC+louJnjS7U18x3b06Q==}
    engines: {node: '>= 12.0.0'}
    cpu: [x64]
    os: [win32]

  lightningcss@1.32.0:
    resolution: {integrity: sha512-NXYBzinNrblfraPGyrbPoD19C1h9lfI/1mzgWYvXUTe414Gz/X1FD2XBZSZM7rRTrMA8JL3OtAaGifrIKhQ5yQ==}
    engines: {node: '>= 12.0.0'}

  lit-element@4.2.2:
    resolution: {integrity: sha512-aFKhNToWxoyhkNDmWZwEva2SlQia+jfG0fjIWV//YeTaWrVnOxD89dPKfigCUspXFmjzOEUQpOkejH5Ly6sG0w==}

  lit-html@3.3.3:
    resolution: {integrity: sha512-el8M6jK2o3RXBnrSHX3ZKrsN8zEV63pSExTO1wYJz7QndGYZ8353e2a5PPX+qHe2aGayfnchQmkAojaWAREOIA==}

  lit@3.3.3:
    resolution: {integrity: sha512-fycuvZg/hkpozL00lm1pEJH5nN/lr9ZXd6mJI2HSN4+Bzc+LDNdEApJ6HFbPkdFNHLvOplIIuJvxkS4XUxqirw==}

  local-pkg@1.2.1:
    resolution: {integrity: sha512-++gUqRDEvcnN6Zhqrr+y/CkVEHhlrR96vZn3nZZPYzMcBUyBtTKzB9NadClFIsIVSsu+3i9tfk/erqy9kAmt7Q==}
    engines: {node: '>=14'}

  lottie-web@5.13.0:
    resolution: {integrity: sha512-+gfBXl6sxXMPe8tKQm7qzLnUy5DUPJPKIyRHwtpCpyUEYjHYRJC/5gjUvdkuO2c3JllrPtHXH5UJJK8LRYl5yQ==}

  magic-string@0.30.21:
    resolution: {integrity: sha512-vd2F4YUyEXKGcLHoq+TEyCjxueSeHnFxyyjNp80yg0XV4vUhnDer/lvvlqM/arB5bXQN5K2/3oinyCRyx8T2CQ==}

  mlly@1.8.2:
    resolution: {integrity: sha512-d+ObxMQFmbt10sretNDytwt85VrbkhhUA/JBGm1MPaWJ65Cl4wOgLaB1NYvJSZ0Ef03MMEU/0xpPMXUIQ29UfA==}

  nanoid@3.3.12:
    resolution: {integrity: sha512-ZB9RH/39qpq5Vu6Y+NmUaFhQR6pp+M2Xt76XBnEwDaGcVAqhlvxrl3B2bKS5D3NH3QR76v3aSrKaF/Kiy7lEtQ==}
    engines: {node: ^10 || ^12 || ^13.7 || ^14 || >=15.0.1}
    hasBin: true

  oxfmt@0.56.0:
    resolution: {integrity: sha512-9Dv0wV3zKiyvhjD7bRKaInKmHQ1sPx3RGOjQkGFJbbdQ16576yf8qhMSO9Q9cvHcs+1NpBsRTkuDDYFFPTJ6gw==}
    engines: {node: ^20.19.0 || >=22.12.0}
    hasBin: true
    peerDependencies:
      svelte: ^5.0.0
      vite-plus: '*'
    peerDependenciesMeta:
      svelte:
        optional: true
      vite-plus:
        optional: true

  oxlint@1.71.0:
    resolution: {integrity: sha512-U1m1X+C0vDj7DC1e13IoZULzEcPczE7UOMTs8VlZGHUEIUaSTZKo5qkPsQEfzpgnQ29Pea/w3Xntk62UCecxZw==}
    engines: {node: ^20.19.0 || >=22.12.0}
    hasBin: true
    peerDependencies:
      oxlint-tsgolint: '>=0.22.1'
      vite-plus: '*'
    peerDependenciesMeta:
      oxlint-tsgolint:
        optional: true
      vite-plus:
        optional: true

  pathe@2.0.3:
    resolution: {integrity: sha512-WUjGcAqP1gQacoQe+OBJsFA7Ld4DyXuUIjZ5cc75cLHvJ7dtNsTugphxIADwspS+AraAUePCKrSVtPLFj/F88w==}

  picocolors@1.1.1:
    resolution: {integrity: sha512-xceH2snhtb5M9liqDsmEw56le376mTZkEX/jEb/RxNFyegNul7eNslCXP9FDj/Lcu0X8KEyMceP2ntpaHrDEVA==}

  picomatch@4.0.4:
    resolution: {integrity: sha512-QP88BAKvMam/3NxH6vj2o21R6MjxZUAd6nlwAS/pnGvN9IVLocLHxGYIzFhg6fUQ+5th6P4dv4eW9jX3DSIj7A==}
    engines: {node: '>=12'}

  pkg-types@1.3.1:
    resolution: {integrity: sha512-/Jm5M4RvtBFVkKWRu2BLUTNP8/M2a+UwuAX+ae4770q1qVGtfjG+WTCupoZixokjmHiry8uI+dlY8KXYV5HVVQ==}

  pkg-types@2.3.1:
    resolution: {integrity: sha512-y+ichcgc2LrADuhLNAx8DFjVfgz91pRxfZdI3UDhxHvcVEZsenLO+7XaU5vOp0u/7V/wZ+plyuQxtrDlZJ+yeg==}

  postcss@8.5.15:
    resolution: {integrity: sha512-FfR8sjd4em2T6fb3I2MwAJU7HWVMr9zba+enmQeeWFfCbm+UOC/0X4DS8XtpUTMwWMGbjKYP7xjfNekzyGmB3A==}
    engines: {node: ^10 || ^12 || >=14}

  qr-scanner@1.4.2:
    resolution: {integrity: sha512-kV1yQUe2FENvn59tMZW6mOVfpq9mGxGf8l6+EGaXUOd4RBOLg7tRC83OrirM5AtDvZRpdjdlXURsHreAOSPOUw==}

  quansync@0.2.11:
    resolution: {integrity: sha512-AifT7QEbW9Nri4tAwR5M/uzpBuqfZf+zwaEM/QkzEjj7NBuFD2rBuy0K3dE+8wltbezDV7JMA0WfnCPYRSYbXA==}

  rolldown@1.0.3:
    resolution: {integrity: sha512-i00lAJ2ks1BYr7rjNjKC7BcqAS7nVfiT3QX1SI5aY+AFHblCmaUf9OE9dbdzDvW6dJxbi2ZCZiy9v3CcwOiX3g==}
    engines: {node: ^20.19.0 || >=22.12.0}
    hasBin: true

  scule@1.3.0:
    resolution: {integrity: sha512-6FtHJEvt+pVMIB9IBY+IcCJ6Z5f1iQnytgyfKMhDKgmzYG+TeH/wx1y3l27rshSbLiSanrR9ffZDrEsmjlQF2g==}

  source-map-js@1.2.1:
    resolution: {integrity: sha512-UXWMKhLOwVKb728IUtQPXxfYU+usdybtUrK/8uGE8CQMvrhOpwvzDBwj0QhSL7MQc7vIsISBG8VQ8+IDQxpfQA==}
    engines: {node: '>=0.10.0'}

  strip-literal@3.1.0:
    resolution: {integrity: sha512-8r3mkIM/2+PpjHoOtiAW8Rg3jJLHaV7xPwG+YRGrv6FP0wwk/toTpATxWYOW0BKdWwl82VT2tFYi5DlROa0Mxg==}

  tailwind-merge@3.6.0:
    resolution: {integrity: sha512-uxL7qAVQriqRQPAyK3pj66VqskWqoZ37PW94jwOTwNfq/z9oyu1V+eqrZqtR2+fCiXdYOZe/Modt8GtvqNzu+w==}

  tailwind-variants@3.2.2:
    resolution: {integrity: sha512-Mi4kHeMTLvKlM98XPnK+7HoBPmf4gygdFmqQPaDivc3DpYS6aIY6KiG/PgThrGvii5YZJqRsPz0aPyhoFzmZgg==}
    engines: {node: '>=16.x', pnpm: '>=7.x'}
    peerDependencies:
      tailwind-merge: '>=3.0.0'
      tailwindcss: '*'
    peerDependenciesMeta:
      tailwind-merge:
        optional: true

  tailwindcss@4.3.1:
    resolution: {integrity: sha512-hk+TB1m+K8CYNrP6rjQaq/Y+4Zylwpa87mLYBKCunwnnQ9p+fHb7kmSfGqyEJoxF/O6CDyABWVFEafNSYKll+Q==}

  tapable@2.3.3:
    resolution: {integrity: sha512-uxc/zpqFg6x7C8vOE7lh6Lbda8eEL9zmVm/PLeTPBRhh1xCgdWaQ+J1CUieGpIfm2HdtsUpRv+HshiasBMcc6A==}
    engines: {node: '>=6'}

  tinyglobby@0.2.17:
    resolution: {integrity: sha512-wXR/dYpcqKmfWpEdZjiKJOwCNFndD0DMnrW/cYjVGttEkBfVgcLFHoNrlj47mjOVic9yyNu65alsgF4NQyTa2g==}
    engines: {node: '>=12.0.0'}

  tinypool@2.1.0:
    resolution: {integrity: sha512-Pugqs6M0m7Lv1I7FtxN4aoyToKg1C4tu+/381vH35y8oENM/Ai7f7C4StcoK4/+BSw9ebcS8jRiVrORFKCALLw==}
    engines: {node: ^20.0.0 || >=22.0.0}

  tslib@2.8.1:
    resolution: {integrity: sha512-oJFu94HQb+KVduSUQL7wnpmqnfmLsOA/nAh6b6EH0wCEoK0/mPeXU6c3wKDV83MkOuHPRHtSXKKU99IBazS/2w==}

  typescript@6.0.3:
    resolution: {integrity: sha512-y2TvuxSZPDyQakkFRPZHKFm+KKVqIisdg9/CZwm9ftvKXLP8NRWj38/ODjNbr43SsoXqNuAisEf1GdCxqWcdBw==}
    engines: {node: '>=14.17'}
    hasBin: true

  ufo@1.6.4:
    resolution: {integrity: sha512-JFNbkD1Svwe0KvGi8GOeLcP4kAWQ609twvCdcHxq1oSL8svv39ZuSvajcD8B+5D0eL4+s1Is2D/O6KN3qcTeRA==}

  undici-types@7.24.6:
    resolution: {integrity: sha512-WRNW+sJgj5OBN4/0JpHFqtqzhpbnV0GuB+OozA9gCL7a993SmU+1JBZCzLNxYsbMfIeDL+lTsphD5jN5N+n0zg==}

  unimport@5.7.0:
    resolution: {integrity: sha512-njnL6sp8lEA8QQbZrt+52p/g4X0rw3bnGGmUcJnt1jeG8+iiqO779aGz0PirCtydAIVcuTBRlJ52F0u46z309Q==}
    engines: {node: '>=18.12.0'}

  unplugin-auto-import@21.0.0:
    resolution: {integrity: sha512-vWuC8SwqJmxZFYwPojhOhOXDb5xFhNNcEVb9K/RFkyk/3VnfaOjzitWN7v+8DEKpMjSsY2AEGXNgt6I0yQrhRQ==}
    engines: {node: '>=20.19.0'}
    peerDependencies:
      '@nuxt/kit': ^4.0.0
      '@vueuse/core': '*'
    peerDependenciesMeta:
      '@nuxt/kit':
        optional: true
      '@vueuse/core':
        optional: true

  unplugin-utils@0.3.1:
    resolution: {integrity: sha512-5lWVjgi6vuHhJ526bI4nlCOmkCIF3nnfXkCMDeMJrtdvxTs6ZFCM8oNufGTsDbKv/tJ/xj8RpvXjRuPBZJuJog==}
    engines: {node: '>=20.19.0'}

  unplugin@2.3.11:
    resolution: {integrity: sha512-5uKD0nqiYVzlmCRs01Fhs2BdkEgBS3SAVP6ndrBsuK42iC2+JHyxM05Rm9G8+5mkmRtzMZGY8Ct5+mliZxU/Ww==}
    engines: {node: '>=18.12.0'}

  vite@8.0.16:
    resolution: {integrity: sha512-h9bXPmJichP5fLmVQo3PyaGSDE2n3aPuomeAlVRm0JLmt4rY6zmPKd59HYI4LNW8oTK7tlTsuC7l/m7awx9Jcw==}
    engines: {node: ^20.19.0 || >=22.12.0}
    hasBin: true
    peerDependencies:
      '@types/node': ^20.19.0 || >=22.12.0
      '@vitejs/devtools': ^0.1.18
      esbuild: ^0.27.0 || ^0.28.0
      jiti: '>=1.21.0'
      less: ^4.0.0
      sass: ^1.70.0
      sass-embedded: ^1.70.0
      stylus: '>=0.54.8'
      sugarss: ^5.0.0
      terser: ^5.16.0
      tsx: ^4.8.1
      yaml: ^2.4.2
    peerDependenciesMeta:
      '@types/node':
        optional: true
      '@vitejs/devtools':
        optional: true
      esbuild:
        optional: true
      jiti:
        optional: true
      less:
        optional: true
      sass:
        optional: true
      sass-embedded:
        optional: true
      stylus:
        optional: true
      sugarss:
        optional: true
      terser:
        optional: true
      tsx:
        optional: true
      yaml:
        optional: true

  webpack-virtual-modules@0.6.2:
    resolution: {integrity: sha512-66/V2i5hQanC51vBQKPH4aI8NMAcBW59FVBs+rC7eGHupMyfn34q7rZIE+ETlJ+XTevqfUhVVBgSUNSW2flEUQ==}

snapshots:

  '@emnapi/core@1.10.0':
    dependencies:
      '@emnapi/wasi-threads': 1.2.1
      tslib: 2.8.1
    optional: true

  '@emnapi/runtime@1.10.0':
    dependencies:
      tslib: 2.8.1
    optional: true

  '@emnapi/wasi-threads@1.2.1':
    dependencies:
      tslib: 2.8.1
    optional: true

  '@jridgewell/gen-mapping@0.3.13':
    dependencies:
      '@jridgewell/sourcemap-codec': 1.5.5
      '@jridgewell/trace-mapping': 0.3.31

  '@jridgewell/remapping@2.3.5':
    dependencies:
      '@jridgewell/gen-mapping': 0.3.13
      '@jridgewell/trace-mapping': 0.3.31

  '@jridgewell/resolve-uri@3.1.2': {}

  '@jridgewell/sourcemap-codec@1.5.5': {}

  '@jridgewell/trace-mapping@0.3.31':
    dependencies:
      '@jridgewell/resolve-uri': 3.1.2
      '@jridgewell/sourcemap-codec': 1.5.5

  '@lit-labs/router@0.1.4':
    dependencies:
      lit: 3.3.3

  '@lit-labs/ssr-dom-shim@1.6.0': {}

  '@lit/context@1.1.6':
    dependencies:
      '@lit/reactive-element': 2.1.2

  '@lit/reactive-element@2.1.2':
    dependencies:
      '@lit-labs/ssr-dom-shim': 1.6.0

  '@lit/task@1.0.3':
    dependencies:
      '@lit/reactive-element': 2.1.2

  '@napi-rs/wasm-runtime@1.1.5(@emnapi/core@1.10.0)(@emnapi/runtime@1.10.0)':
    dependencies:
      '@emnapi/core': 1.10.0
      '@emnapi/runtime': 1.10.0
      '@tybys/wasm-util': 0.10.2
    optional: true

  '@oxc-project/types@0.133.0': {}

  '@oxfmt/binding-android-arm-eabi@0.56.0':
    optional: true

  '@oxfmt/binding-android-arm64@0.56.0':
    optional: true

  '@oxfmt/binding-darwin-arm64@0.56.0': {}

  '@oxfmt/binding-darwin-x64@0.56.0':
    optional: true

  '@oxfmt/binding-freebsd-x64@0.56.0':
    optional: true

  '@oxfmt/binding-linux-arm-gnueabihf@0.56.0':
    optional: true

  '@oxfmt/binding-linux-arm-musleabihf@0.56.0':
    optional: true

  '@oxfmt/binding-linux-arm64-gnu@0.56.0':
    optional: true

  '@oxfmt/binding-linux-arm64-musl@0.56.0':
    optional: true

  '@oxfmt/binding-linux-ppc64-gnu@0.56.0':
    optional: true

  '@oxfmt/binding-linux-riscv64-gnu@0.56.0':
    optional: true

  '@oxfmt/binding-linux-riscv64-musl@0.56.0':
    optional: true

  '@oxfmt/binding-linux-s390x-gnu@0.56.0':
    optional: true

  '@oxfmt/binding-linux-x64-gnu@0.56.0':
    optional: true

  '@oxfmt/binding-linux-x64-musl@0.56.0':
    optional: true

  '@oxfmt/binding-openharmony-arm64@0.56.0':
    optional: true

  '@oxfmt/binding-win32-arm64-msvc@0.56.0':
    optional: true

  '@oxfmt/binding-win32-ia32-msvc@0.56.0':
    optional: true

  '@oxfmt/binding-win32-x64-msvc@0.56.0':
    optional: true

  '@oxlint/binding-android-arm-eabi@1.71.0':
    optional: true

  '@oxlint/binding-android-arm64@1.71.0':
    optional: true

  '@oxlint/binding-darwin-arm64@1.71.0': {}

  '@oxlint/binding-darwin-x64@1.71.0':
    optional: true

  '@oxlint/binding-freebsd-x64@1.71.0':
    optional: true

  '@oxlint/binding-linux-arm-gnueabihf@1.71.0':
    optional: true

  '@oxlint/binding-linux-arm-musleabihf@1.71.0':
    optional: true

  '@oxlint/binding-linux-arm64-gnu@1.71.0':
    optional: true

  '@oxlint/binding-linux-arm64-musl@1.71.0':
    optional: true

  '@oxlint/binding-linux-ppc64-gnu@1.71.0':
    optional: true

  '@oxlint/binding-linux-riscv64-gnu@1.71.0':
    optional: true

  '@oxlint/binding-linux-riscv64-musl@1.71.0':
    optional: true

  '@oxlint/binding-linux-s390x-gnu@1.71.0':
    optional: true

  '@oxlint/binding-linux-x64-gnu@1.71.0':
    optional: true

  '@oxlint/binding-linux-x64-musl@1.71.0':
    optional: true

  '@oxlint/binding-openharmony-arm64@1.71.0':
    optional: true

  '@oxlint/binding-win32-arm64-msvc@1.71.0':
    optional: true

  '@oxlint/binding-win32-ia32-msvc@1.71.0':
    optional: true

  '@oxlint/binding-win32-x64-msvc@1.71.0':
    optional: true

  '@rolldown/binding-android-arm64@1.0.3':
    optional: true

  '@rolldown/binding-darwin-arm64@1.0.3':
    optional: true

  '@rolldown/binding-darwin-arm64@1.1.2': {}

  '@rolldown/binding-darwin-x64@1.0.3':
    optional: true

  '@rolldown/binding-freebsd-x64@1.0.3':
    optional: true

  '@rolldown/binding-linux-arm-gnueabihf@1.0.3':
    optional: true

  '@rolldown/binding-linux-arm64-gnu@1.0.3':
    optional: true

  '@rolldown/binding-linux-arm64-musl@1.0.3':
    optional: true

  '@rolldown/binding-linux-ppc64-gnu@1.0.3':
    optional: true

  '@rolldown/binding-linux-s390x-gnu@1.0.3':
    optional: true

  '@rolldown/binding-linux-x64-gnu@1.0.3':
    optional: true

  '@rolldown/binding-linux-x64-musl@1.0.3':
    optional: true

  '@rolldown/binding-openharmony-arm64@1.0.3':
    optional: true

  '@rolldown/binding-wasm32-wasi@1.0.3':
    dependencies:
      '@emnapi/core': 1.10.0
      '@emnapi/runtime': 1.10.0
      '@napi-rs/wasm-runtime': 1.1.5(@emnapi/core@1.10.0)(@emnapi/runtime@1.10.0)
    optional: true

  '@rolldown/binding-win32-arm64-msvc@1.0.3':
    optional: true

  '@rolldown/binding-win32-x64-msvc@1.0.3':
    optional: true

  '@rolldown/pluginutils@1.0.1': {}

  '@tailwindcss/node@4.3.1':
    dependencies:
      '@jridgewell/remapping': 2.3.5
      enhanced-resolve: 5.21.6
      jiti: 2.7.0
      lightningcss: 1.32.0
      magic-string: 0.30.21
      source-map-js: 1.2.1
      tailwindcss: 4.3.1

  '@tailwindcss/oxide-android-arm64@4.3.1':
    optional: true

  '@tailwindcss/oxide-darwin-arm64@4.3.1':
    optional: true

  '@tailwindcss/oxide-darwin-x64@4.3.1':
    optional: true

  '@tailwindcss/oxide-freebsd-x64@4.3.1':
    optional: true

  '@tailwindcss/oxide-linux-arm-gnueabihf@4.3.1':
    optional: true

  '@tailwindcss/oxide-linux-arm64-gnu@4.3.1':
    optional: true

  '@tailwindcss/oxide-linux-arm64-musl@4.3.1':
    optional: true

  '@tailwindcss/oxide-linux-x64-gnu@4.3.1':
    optional: true

  '@tailwindcss/oxide-linux-x64-musl@4.3.1':
    optional: true

  '@tailwindcss/oxide-wasm32-wasi@4.3.1':
    optional: true

  '@tailwindcss/oxide-win32-arm64-msvc@4.3.1':
    optional: true

  '@tailwindcss/oxide-win32-x64-msvc@4.3.1':
    optional: true

  '@tailwindcss/oxide@4.3.1':
    optionalDependencies:
      '@tailwindcss/oxide-android-arm64': 4.3.1
      '@tailwindcss/oxide-darwin-arm64': 4.3.1
      '@tailwindcss/oxide-darwin-x64': 4.3.1
      '@tailwindcss/oxide-freebsd-x64': 4.3.1
      '@tailwindcss/oxide-linux-arm-gnueabihf': 4.3.1
      '@tailwindcss/oxide-linux-arm64-gnu': 4.3.1
      '@tailwindcss/oxide-linux-arm64-musl': 4.3.1
      '@tailwindcss/oxide-linux-x64-gnu': 4.3.1
      '@tailwindcss/oxide-linux-x64-musl': 4.3.1
      '@tailwindcss/oxide-wasm32-wasi': 4.3.1
      '@tailwindcss/oxide-win32-arm64-msvc': 4.3.1
      '@tailwindcss/oxide-win32-x64-msvc': 4.3.1

  '@tailwindcss/vite@4.3.1(vite@8.0.16(@types/node@25.9.3)(jiti@2.7.0))':
    dependencies:
      '@tailwindcss/node': 4.3.1
      '@tailwindcss/oxide': 4.3.1
      tailwindcss: 4.3.1
      vite: 8.0.16(@types/node@25.9.3)(jiti@2.7.0)

  '@tybys/wasm-util@0.10.2':
    dependencies:
      tslib: 2.8.1
    optional: true

  '@types/estree@1.0.9': {}

  '@types/node@25.9.3':
    dependencies:
      undici-types: 7.24.6

  '@types/offscreencanvas@2019.7.3': {}

  '@types/trusted-types@2.0.7': {}

  acorn@8.17.0: {}

  confbox@0.1.8: {}

  confbox@0.2.4: {}

  detect-libc@2.1.2: {}

  enhanced-resolve@5.21.6:
    dependencies:
      graceful-fs: 4.2.11
      tapable: 2.3.3

  escape-string-regexp@5.0.0: {}

  estree-walker@3.0.3:
    dependencies:
      '@types/estree': 1.0.9

  exsolve@1.0.8: {}

  fdir@6.5.0(picomatch@4.0.4):
    optionalDependencies:
      picomatch: 4.0.4

  fsevents@2.3.3:
    optional: true

  graceful-fs@4.2.11: {}

  jiti@2.7.0: {}

  js-tokens@9.0.1: {}

  lightningcss-android-arm64@1.32.0:
    optional: true

  lightningcss-darwin-arm64@1.32.0:
    optional: true

  lightningcss-darwin-x64@1.32.0:
    optional: true

  lightningcss-freebsd-x64@1.32.0:
    optional: true

  lightningcss-linux-arm-gnueabihf@1.32.0:
    optional: true

  lightningcss-linux-arm64-gnu@1.32.0:
    optional: true

  lightningcss-linux-arm64-musl@1.32.0:
    optional: true

  lightningcss-linux-x64-gnu@1.32.0:
    optional: true

  lightningcss-linux-x64-musl@1.32.0:
    optional: true

  lightningcss-win32-arm64-msvc@1.32.0:
    optional: true

  lightningcss-win32-x64-msvc@1.32.0:
    optional: true

  lightningcss@1.32.0:
    dependencies:
      detect-libc: 2.1.2
    optionalDependencies:
      lightningcss-android-arm64: 1.32.0
      lightningcss-darwin-arm64: 1.32.0
      lightningcss-darwin-x64: 1.32.0
      lightningcss-freebsd-x64: 1.32.0
      lightningcss-linux-arm-gnueabihf: 1.32.0
      lightningcss-linux-arm64-gnu: 1.32.0
      lightningcss-linux-arm64-musl: 1.32.0
      lightningcss-linux-x64-gnu: 1.32.0
      lightningcss-linux-x64-musl: 1.32.0
      lightningcss-win32-arm64-msvc: 1.32.0
      lightningcss-win32-x64-msvc: 1.32.0

  lit-element@4.2.2:
    dependencies:
      '@lit-labs/ssr-dom-shim': 1.6.0
      '@lit/reactive-element': 2.1.2
      lit-html: 3.3.3

  lit-html@3.3.3:
    dependencies:
      '@types/trusted-types': 2.0.7

  lit@3.3.3:
    dependencies:
      '@lit/reactive-element': 2.1.2
      lit-element: 4.2.2
      lit-html: 3.3.3

  local-pkg@1.2.1:
    dependencies:
      mlly: 1.8.2
      pkg-types: 2.3.1
      quansync: 0.2.11

  lottie-web@5.13.0: {}

  magic-string@0.30.21:
    dependencies:
      '@jridgewell/sourcemap-codec': 1.5.5

  mlly@1.8.2:
    dependencies:
      acorn: 8.17.0
      pathe: 2.0.3
      pkg-types: 1.3.1
      ufo: 1.6.4

  nanoid@3.3.12: {}

  oxfmt@0.56.0:
    dependencies:
      tinypool: 2.1.0
    optionalDependencies:
      '@oxfmt/binding-android-arm-eabi': 0.56.0
      '@oxfmt/binding-android-arm64': 0.56.0
      '@oxfmt/binding-darwin-arm64': 0.56.0
      '@oxfmt/binding-darwin-x64': 0.56.0
      '@oxfmt/binding-freebsd-x64': 0.56.0
      '@oxfmt/binding-linux-arm-gnueabihf': 0.56.0
      '@oxfmt/binding-linux-arm-musleabihf': 0.56.0
      '@oxfmt/binding-linux-arm64-gnu': 0.56.0
      '@oxfmt/binding-linux-arm64-musl': 0.56.0
      '@oxfmt/binding-linux-ppc64-gnu': 0.56.0
      '@oxfmt/binding-linux-riscv64-gnu': 0.56.0
      '@oxfmt/binding-linux-riscv64-musl': 0.56.0
      '@oxfmt/binding-linux-s390x-gnu': 0.56.0
      '@oxfmt/binding-linux-x64-gnu': 0.56.0
      '@oxfmt/binding-linux-x64-musl': 0.56.0
      '@oxfmt/binding-openharmony-arm64': 0.56.0
      '@oxfmt/binding-win32-arm64-msvc': 0.56.0
      '@oxfmt/binding-win32-ia32-msvc': 0.56.0
      '@oxfmt/binding-win32-x64-msvc': 0.56.0

  oxlint@1.71.0:
    optionalDependencies:
      '@oxlint/binding-android-arm-eabi': 1.71.0
      '@oxlint/binding-android-arm64': 1.71.0
      '@oxlint/binding-darwin-arm64': 1.71.0
      '@oxlint/binding-darwin-x64': 1.71.0
      '@oxlint/binding-freebsd-x64': 1.71.0
      '@oxlint/binding-linux-arm-gnueabihf': 1.71.0
      '@oxlint/binding-linux-arm-musleabihf': 1.71.0
      '@oxlint/binding-linux-arm64-gnu': 1.71.0
      '@oxlint/binding-linux-arm64-musl': 1.71.0
      '@oxlint/binding-linux-ppc64-gnu': 1.71.0
      '@oxlint/binding-linux-riscv64-gnu': 1.71.0
      '@oxlint/binding-linux-riscv64-musl': 1.71.0
      '@oxlint/binding-linux-s390x-gnu': 1.71.0
      '@oxlint/binding-linux-x64-gnu': 1.71.0
      '@oxlint/binding-linux-x64-musl': 1.71.0
      '@oxlint/binding-openharmony-arm64': 1.71.0
      '@oxlint/binding-win32-arm64-msvc': 1.71.0
      '@oxlint/binding-win32-ia32-msvc': 1.71.0
      '@oxlint/binding-win32-x64-msvc': 1.71.0

  pathe@2.0.3: {}

  picocolors@1.1.1: {}

  picomatch@4.0.4: {}

  pkg-types@1.3.1:
    dependencies:
      confbox: 0.1.8
      mlly: 1.8.2
      pathe: 2.0.3

  pkg-types@2.3.1:
    dependencies:
      confbox: 0.2.4
      exsolve: 1.0.8
      pathe: 2.0.3

  postcss@8.5.15:
    dependencies:
      nanoid: 3.3.12
      picocolors: 1.1.1
      source-map-js: 1.2.1

  qr-scanner@1.4.2:
    dependencies:
      '@types/offscreencanvas': 2019.7.3

  quansync@0.2.11: {}

  rolldown@1.0.3:
    dependencies:
      '@oxc-project/types': 0.133.0
      '@rolldown/pluginutils': 1.0.1
    optionalDependencies:
      '@rolldown/binding-android-arm64': 1.0.3
      '@rolldown/binding-darwin-arm64': 1.0.3
      '@rolldown/binding-darwin-x64': 1.0.3
      '@rolldown/binding-freebsd-x64': 1.0.3
      '@rolldown/binding-linux-arm-gnueabihf': 1.0.3
      '@rolldown/binding-linux-arm64-gnu': 1.0.3
      '@rolldown/binding-linux-arm64-musl': 1.0.3
      '@rolldown/binding-linux-ppc64-gnu': 1.0.3
      '@rolldown/binding-linux-s390x-gnu': 1.0.3
      '@rolldown/binding-linux-x64-gnu': 1.0.3
      '@rolldown/binding-linux-x64-musl': 1.0.3
      '@rolldown/binding-openharmony-arm64': 1.0.3
      '@rolldown/binding-wasm32-wasi': 1.0.3
      '@rolldown/binding-win32-arm64-msvc': 1.0.3
      '@rolldown/binding-win32-x64-msvc': 1.0.3

  scule@1.3.0: {}

  source-map-js@1.2.1: {}

  strip-literal@3.1.0:
    dependencies:
      js-tokens: 9.0.1

  tailwind-merge@3.6.0: {}

  tailwind-variants@3.2.2(tailwind-merge@3.6.0)(tailwindcss@4.3.1):
    dependencies:
      tailwindcss: 4.3.1
    optionalDependencies:
      tailwind-merge: 3.6.0

  tailwindcss@4.3.1: {}

  tapable@2.3.3: {}

  tinyglobby@0.2.17:
    dependencies:
      fdir: 6.5.0(picomatch@4.0.4)
      picomatch: 4.0.4

  tinypool@2.1.0: {}

  tslib@2.8.1:
    optional: true

  typescript@6.0.3: {}

  ufo@1.6.4: {}

  undici-types@7.24.6: {}

  unimport@5.7.0:
    dependencies:
      acorn: 8.17.0
      escape-string-regexp: 5.0.0
      estree-walker: 3.0.3
      local-pkg: 1.2.1
      magic-string: 0.30.21
      mlly: 1.8.2
      pathe: 2.0.3
      picomatch: 4.0.4
      pkg-types: 2.3.1
      scule: 1.3.0
      strip-literal: 3.1.0
      tinyglobby: 0.2.17
      unplugin: 2.3.11
      unplugin-utils: 0.3.1

  unplugin-auto-import@21.0.0:
    dependencies:
      local-pkg: 1.2.1
      magic-string: 0.30.21
      picomatch: 4.0.4
      unimport: 5.7.0
      unplugin: 2.3.11
      unplugin-utils: 0.3.1

  unplugin-utils@0.3.1:
    dependencies:
      pathe: 2.0.3
      picomatch: 4.0.4

  unplugin@2.3.11:
    dependencies:
      '@jridgewell/remapping': 2.3.5
      acorn: 8.17.0
      picomatch: 4.0.4
      webpack-virtual-modules: 0.6.2

  vite@8.0.16(@types/node@25.9.3)(jiti@2.7.0):
    dependencies:
      lightningcss: 1.32.0
      picomatch: 4.0.4
      postcss: 8.5.15
      rolldown: 1.0.3
      tinyglobby: 0.2.17
    optionalDependencies:
      '@types/node': 25.9.3
      fsevents: 2.3.3
      jiti: 2.7.0

  webpack-virtual-modules@0.6.2: {}
